{
  "name": "languageserver",
  "version": "1.0.0",
  "lockfileVersion": 1,
  "requires": true,
  "dependencies": {
    "@angular/language-server": {
      "version": "0.1100.2",
      "resolved": "https://registry.npmjs.org/@angular/language-server/-/language-server-0.1100.2.tgz",
      "integrity": "sha512-9rxmPxVFIkQkn9TXFrwVzYPSkkagFxmJ5p9KUOU4ikL0gpzS62itfAOcdLJszh1/FhDjIoQ4NdKoGFNTt28+6Q==",
      "requires": {
        "@angular/language-service": "11.0.3",
        "vscode-languageserver": "6.1.1",
        "vscode-uri": "2.1.2"
      },
      "dependencies": {
        "vscode-jsonrpc": {
          "version": "6.0.0",
          "resolved": "https://registry.npmjs.org/vscode-jsonrpc/-/vscode-jsonrpc-6.0.0.tgz",
          "integrity": "sha512-wnJA4BnEjOSyFMvjZdpiOwhSq9uDoK8e/kpRJDTaMYzwlkrhG1fwDIZI94CLsLzlCK5cIbMMtFlJlfR57Lavmg=="
        },
        "vscode-languageserver": {
          "version": "6.1.1",
          "resolved": "https://registry.npmjs.org/vscode-languageserver/-/vscode-languageserver-6.1.1.tgz",
          "integrity": "sha512-DueEpkUAkD5XTR4MLYNr6bQIp/UFR0/IPApgXU3YfCBCB08u2sm9hRCs6DxYZELkk++STPjpcjksR2H8qI3cDQ==",
          "requires": {
            "vscode-languageserver-protocol": "^3.15.3"
          }
        },
        "vscode-languageserver-protocol": {
          "version": "3.16.0",
          "resolved": "https://registry.npmjs.org/vscode-languageserver-protocol/-/vscode-languageserver-protocol-3.16.0.tgz",
          "integrity": "sha512-sdeUoAawceQdgIfTI+sdcwkiK2KU+2cbEYA0agzM2uqaUy2UpnnGHtWTHVEtS0ES4zHU0eMFRGN+oQgDxlD66A==",
          "requires": {
            "vscode-jsonrpc": "6.0.0",
            "vscode-languageserver-types": "3.16.0"
          }
        },
        "vscode-languageserver-types": {
          "version": "3.16.0",
          "resolved": "https://registry.npmjs.org/vscode-languageserver-types/-/vscode-languageserver-types-3.16.0.tgz",
          "integrity": "sha512-k8luDIWJWyenLc5ToFQQMaSrqCHiLwyKPHKPQZ5zz21vM+vIVUSvsRpcbiECH4WR88K2XZqc4ScRcZ7nk/jbeA=="
        }
      }
    },
    "@angular/language-service": {
      "version": "11.0.3",
      "resolved": "https://registry.npmjs.org/@angular/language-service/-/language-service-11.0.3.tgz",
      "integrity": "sha512-9tCPCiFwXco3QJhVIAFBjUGD3RS3SBOoaUsNAB0mGTGT6xOgayo37Z5UuOOHKHdlEpTlCFVLnSVm8DMZ4ehYpw=="
    },
    "agent-base": {
      "version": "4.3.0",
      "resolved": "https://registry.npmjs.org/agent-base/-/agent-base-4.3.0.tgz",
      "integrity": "sha512-salcGninV0nPrwpGNn4VTXBb1SOuXQBiqbrNXoeizJsHrsL6ERFM2Ne3JUSBWRE6aeNJI2ROP/WEEIDUiDe3cg==",
      "requires": {
        "es6-promisify": "^5.0.0"
      }
    },
    "argparse": {
      "version": "1.0.10",
      "resolved": "https://registry.npmjs.org/argparse/-/argparse-1.0.10.tgz",
      "integrity": "sha512-o5Roy6tNG4SL/FOkCAN6RzjiakZS25RLYFrcMttJqbdd8BWrnA+fGz57iN5Pb06pvBGvl5gQ0B48dJlslXvoTg==",
      "requires": {
        "sprintf-js": "~1.0.2"
      }
    },
    "command-exists": {
      "version": "1.2.6",
      "resolved": "https://registry.npmjs.org/command-exists/-/command-exists-1.2.6.tgz",
      "integrity": "sha512-Qst/zUUNmS/z3WziPxyqjrcz09pm+2Knbs5mAZL4VAE0sSrNY1/w8+/YxeHcoBTsO6iojA6BW7eFf27Eg2MRuw=="
    },
    "commander": {
      "version": "2.20.3",
      "resolved": "https://registry.npmjs.org/commander/-/commander-2.20.3.tgz",
      "integrity": "sha512-GpVkmM8vF2vQUkj2LvZmD35JxeJOLCwJ9cUkugyk2nuhbv3+mJvpLYYt+0+USMxE+oj+ey/lJEnhZw75x/OMcQ=="
    },
    "crypto-random-string": {
      "version": "1.0.0",
      "resolved": "https://registry.npmjs.org/crypto-random-string/-/crypto-random-string-1.0.0.tgz",
      "integrity": "sha1-ojD2T1aDEOFJgAmUB5DsmVRbyn4="
    },
    "debug": {
      "version": "3.1.0",
      "resolved": "https://registry.npmjs.org/debug/-/debug-3.1.0.tgz",
      "integrity": "sha512-OX8XqP7/1a9cqkxYw2yXss15f26NKWBpDXQd0/uK/KPqdQhxbPa994hnzjcE2VqQpDslf55723cKPUOGSmMY3g==",
      "requires": {
        "ms": "2.0.0"
      }
    },
    "dockerfile-ast": {
      "version": "0.1.0",
      "resolved": "https://registry.npmjs.org/dockerfile-ast/-/dockerfile-ast-0.1.0.tgz",
      "integrity": "sha512-qKftHMVoMliYBaYLkgttm+NXhRISVNkIMfAL4ecmXjiWRElfdfY+xNgITiehG0LpUEDbFUa/UDCByYq/2UZIpQ==",
      "requires": {
        "vscode-languageserver-types": "^3.16.0"
      },
      "dependencies": {
        "vscode-languageserver-types": {
          "version": "3.16.0",
          "resolved": "https://registry.npmjs.org/vscode-languageserver-types/-/vscode-languageserver-types-3.16.0.tgz",
          "integrity": "sha512-k8luDIWJWyenLc5ToFQQMaSrqCHiLwyKPHKPQZ5zz21vM+vIVUSvsRpcbiECH4WR88K2XZqc4ScRcZ7nk/jbeA=="
        }
      }
    },
    "dockerfile-language-server-nodejs": {
      "version": "0.2.0",
      "resolved": "https://registry.npmjs.org/dockerfile-language-server-nodejs/-/dockerfile-language-server-nodejs-0.2.0.tgz",
      "integrity": "sha512-D6qT5w2y73pF02c+caAPYn/IG7T/231u8WD/qfyt3MBtnRe8x7ZIQK9+VAxFYvCtqbGuN7MiPVoRctkth/jcuA==",
      "requires": {
        "dockerfile-language-service": "0.1.1",
        "dockerfile-utils": "0.1.1",
        "vscode-languageserver": "^7.0.0"
      },
      "dependencies": {
        "vscode-jsonrpc": {
          "version": "6.0.0",
          "resolved": "https://registry.npmjs.org/vscode-jsonrpc/-/vscode-jsonrpc-6.0.0.tgz",
          "integrity": "sha512-wnJA4BnEjOSyFMvjZdpiOwhSq9uDoK8e/kpRJDTaMYzwlkrhG1fwDIZI94CLsLzlCK5cIbMMtFlJlfR57Lavmg=="
        },
        "vscode-languageserver": {
          "version": "7.0.0",
          "resolved": "https://registry.npmjs.org/vscode-languageserver/-/vscode-languageserver-7.0.0.tgz",
          "integrity": "sha512-60HTx5ID+fLRcgdHfmz0LDZAXYEV68fzwG0JWwEPBode9NuMYTIxuYXPg4ngO8i8+Ou0lM7y6GzaYWbiDL0drw==",
          "requires": {
            "vscode-languageserver-protocol": "3.16.0"
          }
        },
        "vscode-languageserver-protocol": {
          "version": "3.16.0",
          "resolved": "https://registry.npmjs.org/vscode-languageserver-protocol/-/vscode-languageserver-protocol-3.16.0.tgz",
          "integrity": "sha512-sdeUoAawceQdgIfTI+sdcwkiK2KU+2cbEYA0agzM2uqaUy2UpnnGHtWTHVEtS0ES4zHU0eMFRGN+oQgDxlD66A==",
          "requires": {
            "vscode-jsonrpc": "6.0.0",
            "vscode-languageserver-types": "3.16.0"
          }
        },
        "vscode-languageserver-types": {
          "version": "3.16.0",
          "resolved": "https://registry.npmjs.org/vscode-languageserver-types/-/vscode-languageserver-types-3.16.0.tgz",
          "integrity": "sha512-k8luDIWJWyenLc5ToFQQMaSrqCHiLwyKPHKPQZ5zz21vM+vIVUSvsRpcbiECH4WR88K2XZqc4ScRcZ7nk/jbeA=="
        }
      }
    },
    "dockerfile-language-service": {
      "version": "0.1.1",
      "resolved": "https://registry.npmjs.org/dockerfile-language-service/-/dockerfile-language-service-0.1.1.tgz",
      "integrity": "sha512-Lw4QlxJoy9F1559wxX+0xe5iSNK95Fbzx/YhdmAzfwgbPvdPzvFouIuuMyMPj/Q5JyFH1QAr7VeagOe24w0cqg==",
      "requires": {
        "dockerfile-ast": "0.1.0",
        "dockerfile-utils": "0.1.1",
        "vscode-languageserver-protocol": "^3.16.0",
        "vscode-languageserver-types": "^3.16.0"
      },
      "dependencies": {
        "vscode-jsonrpc": {
          "version": "6.0.0",
          "resolved": "https://registry.npmjs.org/vscode-jsonrpc/-/vscode-jsonrpc-6.0.0.tgz",
          "integrity": "sha512-wnJA4BnEjOSyFMvjZdpiOwhSq9uDoK8e/kpRJDTaMYzwlkrhG1fwDIZI94CLsLzlCK5cIbMMtFlJlfR57Lavmg=="
        },
        "vscode-languageserver-protocol": {
          "version": "3.16.0",
          "resolved": "https://registry.npmjs.org/vscode-languageserver-protocol/-/vscode-languageserver-protocol-3.16.0.tgz",
          "integrity": "sha512-sdeUoAawceQdgIfTI+sdcwkiK2KU+2cbEYA0agzM2uqaUy2UpnnGHtWTHVEtS0ES4zHU0eMFRGN+oQgDxlD66A==",
          "requires": {
            "vscode-jsonrpc": "6.0.0",
            "vscode-languageserver-types": "3.16.0"
          }
        },
        "vscode-languageserver-types": {
          "version": "3.16.0",
          "resolved": "https://registry.npmjs.org/vscode-languageserver-types/-/vscode-languageserver-types-3.16.0.tgz",
          "integrity": "sha512-k8luDIWJWyenLc5ToFQQMaSrqCHiLwyKPHKPQZ5zz21vM+vIVUSvsRpcbiECH4WR88K2XZqc4ScRcZ7nk/jbeA=="
        }
      }
    },
    "dockerfile-utils": {
      "version": "0.1.1",
      "resolved": "https://registry.npmjs.org/dockerfile-utils/-/dockerfile-utils-0.1.1.tgz",
      "integrity": "sha512-ddAA8PCAcT4pBQ1AFRnPjetJ31/7BqNKLHQkZebNE0hBAiOr8SzrnIWvJUcBDHrVbASCVl1Ye37hbaTsUmYHsw==",
      "requires": {
        "dockerfile-ast": "0.1.0",
        "vscode-languageserver-types": "^3.16.0"
      },
      "dependencies": {
        "vscode-languageserver-types": {
          "version": "3.16.0",
          "resolved": "https://registry.npmjs.org/vscode-languageserver-types/-/vscode-languageserver-types-3.16.0.tgz",
          "integrity": "sha512-k8luDIWJWyenLc5ToFQQMaSrqCHiLwyKPHKPQZ5zz21vM+vIVUSvsRpcbiECH4WR88K2XZqc4ScRcZ7nk/jbeA=="
        }
      }
    },
    "es6-promise": {
      "version": "4.2.8",
      "resolved": "https://registry.npmjs.org/es6-promise/-/es6-promise-4.2.8.tgz",
      "integrity": "sha512-HJDGx5daxeIvxdBxvG2cb9g4tEvwIk3i8+nhX0yGrYmZUzbkdg8QbDevheDB8gd0//uPj4c1EQua8Q+MViT0/w=="
    },
    "es6-promisify": {
      "version": "5.0.0",
      "resolved": "https://registry.npmjs.org/es6-promisify/-/es6-promisify-5.0.0.tgz",
      "integrity": "sha1-UQnWLz5W6pZ8S2NQWu8IKRyKUgM=",
      "requires": {
        "es6-promise": "^4.0.3"
      }
    },
    "esprima": {
      "version": "4.0.1",
      "resolved": "https://registry.npmjs.org/esprima/-/esprima-4.0.1.tgz",
      "integrity": "sha512-eGuFFw7Upda+g4p+QHvnW0RyTX/SVeJBDM/gCtMARO0cLuT2HcEKnTPvhjV6aGeqrCB/sbNop0Kszm0jsaWU4A=="
    },
    "fs-extra": {
      "version": "7.0.1",
      "resolved": "https://registry.npmjs.org/fs-extra/-/fs-extra-7.0.1.tgz",
      "integrity": "sha512-YJDaCJZEnBmcbw13fvdAM9AwNOJwOzrE4pqMqBq5nFiEqXUqHwlK4B+3pUw6JNvfSPtX05xFHtYy/1ni01eGCw==",
      "requires": {
        "graceful-fs": "^4.1.2",
        "jsonfile": "^4.0.0",
        "universalify": "^0.1.0"
      }
    },
    "graceful-fs": {
      "version": "4.2.4",
      "resolved": "https://registry.npmjs.org/graceful-fs/-/graceful-fs-4.2.4.tgz",
      "integrity": "sha512-WjKPNJF79dtJAVniUlGGWHYGz2jWxT6VhN/4m1NdkbZ2nOsEF+cI1Edgql5zCRhs/VsQYRvrXctxktVXZUkixw=="
    },
    "http-proxy-agent": {
      "version": "2.1.0",
      "resolved": "https://registry.npmjs.org/http-proxy-agent/-/http-proxy-agent-2.1.0.tgz",
      "integrity": "sha512-qwHbBLV7WviBl0rQsOzH6o5lwyOIvwp/BdFnvVxXORldu5TmjFfjzBcWUWS5kWAZhmv+JtiDhSuQCp4sBfbIgg==",
      "requires": {
        "agent-base": "4",
        "debug": "3.1.0"
      }
    },
    "https-proxy-agent": {
      "version": "2.2.4",
      "resolved": "https://registry.npmjs.org/https-proxy-agent/-/https-proxy-agent-2.2.4.tgz",
      "integrity": "sha512-OmvfoQ53WLjtA9HeYP9RNrWMJzzAz1JGaSFr1nijg0PVR1JaD/xbJq1mdEIIlxGpXp9eSe/O2LgU9DJmTPd0Eg==",
      "requires": {
        "agent-base": "^4.3.0",
        "debug": "^3.1.0"
      }
    },
    "js-yaml": {
      "version": "3.14.1",
      "resolved": "https://registry.npmjs.org/js-yaml/-/js-yaml-3.14.1.tgz",
      "integrity": "sha512-okMH7OXXJ7YrN9Ok3/SXrnu4iX9yOk+25nqX4imS2npuvTYDmo/QEZoqwZkYaIDk3jVvBOTOIEgEhaLOynBS9g==",
      "requires": {
        "argparse": "^1.0.7",
        "esprima": "^4.0.0"
      }
    },
    "jsonc-parser": {
      "version": "2.3.1",
      "resolved": "https://registry.npmjs.org/jsonc-parser/-/jsonc-parser-2.3.1.tgz",
      "integrity": "sha512-H8jvkz1O50L3dMZCsLqiuB2tA7muqbSg1AtGEkN0leAqGjsUzDJir3Zwr02BhqdcITPg3ei3mZ+HjMocAknhhg=="
    },
    "jsonfile": {
      "version": "4.0.0",
      "resolved": "https://registry.npmjs.org/jsonfile/-/jsonfile-4.0.0.tgz",
      "integrity": "sha1-h3Gq4HmbZAdrdmQPygWPnBDjPss=",
      "requires": {
        "graceful-fs": "^4.1.6"
      }
    },
    "ms": {
      "version": "2.0.0",
      "resolved": "https://registry.npmjs.org/ms/-/ms-2.0.0.tgz",
      "integrity": "sha1-VgiurfwAvmwpAd9fmGF4jeDVl8g="
    },
    "p-debounce": {
      "version": "1.0.0",
      "resolved": "https://registry.npmjs.org/p-debounce/-/p-debounce-1.0.0.tgz",
      "integrity": "sha1-y38svu/YegnrqGHhErZ1J+Yh4v0="
    },
    "prettier": {
      "version": "2.0.5",
      "resolved": "https://registry.npmjs.org/prettier/-/prettier-2.0.5.tgz",
      "integrity": "sha512-7PtVymN48hGcO4fGjybyBSIWDsLU4H4XlvOHfq91pz9kkGlonzwTfYkaIEwiRg/dAJF9YlbsduBAgtYLi+8cFg==",
      "optional": true
    },
    "request-light": {
      "version": "0.3.0",
      "resolved": "https://registry.npmjs.org/request-light/-/request-light-0.3.0.tgz",
      "integrity": "sha512-xlVlZVT0ZvCT+c3zm3SjeFCzchoQxsUUmx5fkal0I6RIDJK+lmb1UYyKJ7WM4dTfnzHP4ElWwAf8Dli8c0/tVA==",
      "requires": {
        "http-proxy-agent": "^2.1.0",
        "https-proxy-agent": "^2.2.4",
        "vscode-nls": "^4.1.1"
      }
    },
    "sprintf-js": {
      "version": "1.0.3",
      "resolved": "https://registry.npmjs.org/sprintf-js/-/sprintf-js-1.0.3.tgz",
      "integrity": "sha1-BOaSb2YolTVPPdAVIDYzuFcpfiw="
    },
    "temp-dir": {
      "version": "1.0.0",
      "resolved": "https://registry.npmjs.org/temp-dir/-/temp-dir-1.0.0.tgz",
      "integrity": "sha1-CnwOom06Oa+n4OvqnB/AvE2qAR0="
    },
    "tempy": {
      "version": "0.2.1",
      "resolved": "https://registry.npmjs.org/tempy/-/tempy-0.2.1.tgz",
      "integrity": "sha512-LB83o9bfZGrntdqPuRdanIVCPReam9SOZKW0fOy5I9X3A854GGWi0tjCqoXEk84XIEYBc/x9Hq3EFop/H5wJaw==",
      "requires": {
        "temp-dir": "^1.0.0",
        "unique-string": "^1.0.0"
      }
    },
    "typescript": {
      "version": "4.1.3",
      "resolved": "https://registry.npmjs.org/typescript/-/typescript-4.1.3.tgz",
      "integrity": "sha512-B3ZIOf1IKeH2ixgHhj6la6xdwR9QrLC5d1VKeCSY4tvkqhF2eqd9O7txNlS0PO3GrBAFIdr3L1ndNwteUbZLYg=="
    },
    "typescript-language-server": {
      "version": "0.4.0",
      "resolved": "https://registry.npmjs.org/typescript-language-server/-/typescript-language-server-0.4.0.tgz",
      "integrity": "sha512-K8jNOmDFn+QfrCh8ujby2pGDs5rpjYZQn+zvQnf42rxG4IHbfw5CHoMvbGkWPK/J5Gw8/l5K3i03kVZC2IBElg==",
      "requires": {
        "command-exists": "1.2.6",
        "commander": "^2.11.0",
        "fs-extra": "^7.0.0",
        "p-debounce": "^1.0.0",
        "tempy": "^0.2.1",
        "vscode-languageserver": "^5.3.0-next",
        "vscode-uri": "^1.0.5"
      },
      "dependencies": {
        "vscode-jsonrpc": {
          "version": "6.0.0",
          "resolved": "https://registry.npmjs.org/vscode-jsonrpc/-/vscode-jsonrpc-6.0.0.tgz",
          "integrity": "sha512-wnJA4BnEjOSyFMvjZdpiOwhSq9uDoK8e/kpRJDTaMYzwlkrhG1fwDIZI94CLsLzlCK5cIbMMtFlJlfR57Lavmg=="
        },
        "vscode-languageserver": {
          "version": "5.3.0-next.10",
          "resolved": "https://registry.npmjs.org/vscode-languageserver/-/vscode-languageserver-5.3.0-next.10.tgz",
          "integrity": "sha512-QL7Fe1FT6PdLtVzwJeZ78pTic4eZbzLRy7yAQgPb9xalqqgZESR0+yDZPwJrM3E7PzOmwHBceYcJR54eQZ7Kng==",
          "requires": {
            "vscode-languageserver-protocol": "^3.15.0-next.8",
            "vscode-textbuffer": "^1.0.0"
          }
        },
        "vscode-languageserver-protocol": {
          "version": "3.16.0",
          "resolved": "https://registry.npmjs.org/vscode-languageserver-protocol/-/vscode-languageserver-protocol-3.16.0.tgz",
          "integrity": "sha512-sdeUoAawceQdgIfTI+sdcwkiK2KU+2cbEYA0agzM2uqaUy2UpnnGHtWTHVEtS0ES4zHU0eMFRGN+oQgDxlD66A==",
          "requires": {
            "vscode-jsonrpc": "6.0.0",
            "vscode-languageserver-types": "3.16.0"
          }
        },
        "vscode-languageserver-types": {
          "version": "3.16.0",
          "resolved": "https://registry.npmjs.org/vscode-languageserver-types/-/vscode-languageserver-types-3.16.0.tgz",
          "integrity": "sha512-k8luDIWJWyenLc5ToFQQMaSrqCHiLwyKPHKPQZ5zz21vM+vIVUSvsRpcbiECH4WR88K2XZqc4ScRcZ7nk/jbeA=="
        },
        "vscode-uri": {
          "version": "1.0.8",
          "resolved": "https://registry.npmjs.org/vscode-uri/-/vscode-uri-1.0.8.tgz",
          "integrity": "sha512-obtSWTlbJ+a+TFRYGaUumtVwb+InIUVI0Lu0VBUAPmj2cU5JutEXg3xUE0c2J5Tcy7h2DEKVJBFi+Y9ZSFzzPQ=="
        }
      }
    },
    "unique-string": {
      "version": "1.0.0",
      "resolved": "https://registry.npmjs.org/unique-string/-/unique-string-1.0.0.tgz",
      "integrity": "sha1-nhBXzKhRq7kzmPizOuGHuZyuwRo=",
      "requires": {
        "crypto-random-string": "^1.0.0"
      }
    },
    "universalify": {
      "version": "0.1.2",
      "resolved": "https://registry.npmjs.org/universalify/-/universalify-0.1.2.tgz",
      "integrity": "sha512-rBJeI5CXAlmy1pV+617WB9J63U6XcazHHF2f2dbJix4XzpUF0RS3Zbj0FGIOCAva5P/d/GBOYaACQ1w+0azUkg=="
    },
    "vim-language-server": {
      "version": "2.1.2",
      "resolved": "https://registry.npmjs.org/vim-language-server/-/vim-language-server-2.1.2.tgz",
      "integrity": "sha512-i+IVvvla+7oyXU3Mb1Vc4hCymCEUbRRhJE7/So+wZNZZgtVH4SNWwhtjzNV2l9egYAyCqJnJKKtErwgJnfAHsA=="
    },
    "vscode-css-languageservice": {
      "version": "3.0.13",
      "resolved": "https://registry.npmjs.org/vscode-css-languageservice/-/vscode-css-languageservice-3.0.13.tgz",
      "integrity": "sha512-RWkO/c/A7iXhHEy3OuEqkCqavDjpD4NF2Ca8vjai+ZtEYNeHrm1ybTnBYLP4Ft1uXvvaaVtYA9HrDjD6+CUONg==",
      "requires": {
        "vscode-languageserver-types": "^3.13.0",
        "vscode-nls": "^4.0.0"
      },
      "dependencies": {
        "vscode-languageserver-types": {
          "version": "3.16.0",
          "resolved": "https://registry.npmjs.org/vscode-languageserver-types/-/vscode-languageserver-types-3.16.0.tgz",
          "integrity": "sha512-k8luDIWJWyenLc5ToFQQMaSrqCHiLwyKPHKPQZ5zz21vM+vIVUSvsRpcbiECH4WR88K2XZqc4ScRcZ7nk/jbeA=="
        }
      }
    },
    "vscode-html-languageserver-bin": {
      "version": "1.4.0",
      "resolved": "https://registry.npmjs.org/vscode-html-languageserver-bin/-/vscode-html-languageserver-bin-1.4.0.tgz",
      "integrity": "sha512-rDnpvASQwf1dlRaGiu8edo5WlAr4dM3/r/dcPCH4O6UD4+eShhdC1E8IyiSisnJU6bRk+4mDTCgA6cyhGJY2xA==",
      "requires": {
        "typescript": "^2.9.1",
        "vscode-css-languageservice": "^3.0.9-next.18",
        "vscode-html-languageservice": "^2.1.3-next.5",
        "vscode-languageserver": "^4.1.3",
        "vscode-languageserver-protocol-foldingprovider": "^2.0.1",
        "vscode-languageserver-types": "^3.7.2",
        "vscode-nls": "^3.2.2",
        "vscode-uri": "^1.0.3"
      },
      "dependencies": {
        "typescript": {
          "version": "2.9.2",
          "resolved": "https://registry.npmjs.org/typescript/-/typescript-2.9.2.tgz",
          "integrity": "sha512-Gr4p6nFNaoufRIY4NMdpQRNmgxVIGMs4Fcu/ujdYk3nAZqk7supzBE9idmvfZIlH/Cuj//dvi+019qEue9lV0w=="
        },
        "vscode-jsonrpc": {
          "version": "6.0.0",
          "resolved": "https://registry.npmjs.org/vscode-jsonrpc/-/vscode-jsonrpc-6.0.0.tgz",
          "integrity": "sha512-wnJA4BnEjOSyFMvjZdpiOwhSq9uDoK8e/kpRJDTaMYzwlkrhG1fwDIZI94CLsLzlCK5cIbMMtFlJlfR57Lavmg=="
        },
        "vscode-languageserver": {
          "version": "4.4.2",
          "resolved": "https://registry.npmjs.org/vscode-languageserver/-/vscode-languageserver-4.4.2.tgz",
          "integrity": "sha512-61y8Raevi9EigDgg9NelvT9cUAohiEbUl1LOwQQgOCAaNX62yKny/ddi0uC+FUTm4CzsjhBu+06R+vYgfCYReA==",
          "requires": {
            "vscode-languageserver-protocol": "^3.10.3",
            "vscode-uri": "^1.0.5"
          }
        },
        "vscode-languageserver-protocol": {
          "version": "3.16.0",
          "resolved": "https://registry.npmjs.org/vscode-languageserver-protocol/-/vscode-languageserver-protocol-3.16.0.tgz",
          "integrity": "sha512-sdeUoAawceQdgIfTI+sdcwkiK2KU+2cbEYA0agzM2uqaUy2UpnnGHtWTHVEtS0ES4zHU0eMFRGN+oQgDxlD66A==",
          "requires": {
            "vscode-jsonrpc": "6.0.0",
            "vscode-languageserver-types": "3.16.0"
          }
        },
        "vscode-languageserver-types": {
          "version": "3.16.0",
          "resolved": "https://registry.npmjs.org/vscode-languageserver-types/-/vscode-languageserver-types-3.16.0.tgz",
          "integrity": "sha512-k8luDIWJWyenLc5ToFQQMaSrqCHiLwyKPHKPQZ5zz21vM+vIVUSvsRpcbiECH4WR88K2XZqc4ScRcZ7nk/jbeA=="
        },
        "vscode-nls": {
          "version": "3.2.5",
          "resolved": "https://registry.npmjs.org/vscode-nls/-/vscode-nls-3.2.5.tgz",
          "integrity": "sha512-ITtoh3V4AkWXMmp3TB97vsMaHRgHhsSFPsUdzlueSL+dRZbSNTZeOmdQv60kjCV306ghPxhDeoNUEm3+EZMuyw=="
        },
        "vscode-uri": {
          "version": "1.0.8",
          "resolved": "https://registry.npmjs.org/vscode-uri/-/vscode-uri-1.0.8.tgz",
          "integrity": "sha512-obtSWTlbJ+a+TFRYGaUumtVwb+InIUVI0Lu0VBUAPmj2cU5JutEXg3xUE0c2J5Tcy7h2DEKVJBFi+Y9ZSFzzPQ=="
        }
      }
    },
    "vscode-html-languageservice": {
      "version": "2.1.12",
      "resolved": "https://registry.npmjs.org/vscode-html-languageservice/-/vscode-html-languageservice-2.1.12.tgz",
      "integrity": "sha512-mIb5VMXM5jI97HzCk2eadI1K//rCEZXte0wBqA7PGXsyJH4KTyJUaYk9MR+mbfpUl2vMi3HZw9GUOLGYLc6l5w==",
      "requires": {
        "vscode-languageserver-types": "^3.13.0",
        "vscode-nls": "^4.0.0",
        "vscode-uri": "^1.0.6"
      },
      "dependencies": {
        "vscode-languageserver-types": {
          "version": "3.16.0",
          "resolved": "https://registry.npmjs.org/vscode-languageserver-types/-/vscode-languageserver-types-3.16.0.tgz",
          "integrity": "sha512-k8luDIWJWyenLc5ToFQQMaSrqCHiLwyKPHKPQZ5zz21vM+vIVUSvsRpcbiECH4WR88K2XZqc4ScRcZ7nk/jbeA=="
        },
        "vscode-uri": {
          "version": "1.0.8",
          "resolved": "https://registry.npmjs.org/vscode-uri/-/vscode-uri-1.0.8.tgz",
          "integrity": "sha512-obtSWTlbJ+a+TFRYGaUumtVwb+InIUVI0Lu0VBUAPmj2cU5JutEXg3xUE0c2J5Tcy7h2DEKVJBFi+Y9ZSFzzPQ=="
        }
      }
    },
    "vscode-json-languageserver": {
      "version": "1.3.1",
      "resolved": "https://registry.npmjs.org/vscode-json-languageserver/-/vscode-json-languageserver-1.3.1.tgz",
      "integrity": "sha512-yP75lCPSZVkFUfA0pUA9yKu2OumueIIaht5i9c7XVwwm08PMt1GMDI8RNv/fPkUjU9uBnb5bJW20BHxWBATgrA==",
      "requires": {
        "jsonc-parser": "^2.2.1",
        "request-light": "^0.3.0",
        "vscode-json-languageservice": "^3.8.4",
        "vscode-languageserver": "7.0.0-next.3",
        "vscode-uri": "^2.1.2"
      }
    },
    "vscode-json-languageservice": {
      "version": "3.11.0",
      "resolved": "https://registry.npmjs.org/vscode-json-languageservice/-/vscode-json-languageservice-3.11.0.tgz",
      "integrity": "sha512-QxI+qV97uD7HHOCjh3MrM1TfbdwmTXrMckri5Tus1/FQiG3baDZb2C9Y0y8QThs7PwHYBIQXcAc59ZveCRZKPA==",
      "requires": {
        "jsonc-parser": "^3.0.0",
        "vscode-languageserver-textdocument": "^1.0.1",
        "vscode-languageserver-types": "3.16.0-next.2",
        "vscode-nls": "^5.0.0",
        "vscode-uri": "^2.1.2"
      },
      "dependencies": {
        "jsonc-parser": {
          "version": "3.0.0",
          "resolved": "https://registry.npmjs.org/jsonc-parser/-/jsonc-parser-3.0.0.tgz",
          "integrity": "sha512-fQzRfAbIBnR0IQvftw9FJveWiHp72Fg20giDrHz6TdfB12UH/uue0D3hm57UB5KgAVuniLMCaS8P1IMj9NR7cA=="
        },
        "vscode-nls": {
          "version": "5.0.0",
          "resolved": "https://registry.npmjs.org/vscode-nls/-/vscode-nls-5.0.0.tgz",
          "integrity": "sha512-u0Lw+IYlgbEJFF6/qAqG2d1jQmJl0eyAGJHoAJqr2HT4M2BNuQYSEiSE75f52pXHSJm8AlTjnLLbBFPrdz2hpA=="
        }
      }
    },
    "vscode-jsonrpc": {
      "version": "6.0.0-next.2",
      "resolved": "https://registry.npmjs.org/vscode-jsonrpc/-/vscode-jsonrpc-6.0.0-next.2.tgz",
      "integrity": "sha512-dKQXRYNUY6BHALQJBJlyZyv9oWlYpbJ2vVoQNNVNPLAYQ3hzNp4zy+iSo7zGx1BPXByArJQDWTKLQh8dz3dnNw=="
    },
    "vscode-languageserver": {
      "version": "7.0.0-next.3",
      "resolved": "https://registry.npmjs.org/vscode-languageserver/-/vscode-languageserver-7.0.0-next.3.tgz",
      "integrity": "sha512-qSt8eb546iFuoFIN+9MPl4Avru6Iz2/JP0UmS/3djf40ICa31Np/yJ7anX2j0Az5rCzb0fak8oeKwDioGeVOYg==",
      "requires": {
        "vscode-languageserver-protocol": "3.16.0-next.4"
      }
    },
    "vscode-languageserver-protocol": {
      "version": "3.16.0-next.4",
      "resolved": "https://registry.npmjs.org/vscode-languageserver-protocol/-/vscode-languageserver-protocol-3.16.0-next.4.tgz",
      "integrity": "sha512-6GmPUp2MhJy2H1CTWp2B40Pa9BeC9glrXWmQWVG6A/0V9UbcAjVC9m56znm2GL32iyLDIprTBe8gBvvvcjbpaQ==",
      "requires": {
        "vscode-jsonrpc": "6.0.0-next.2",
        "vscode-languageserver-types": "3.16.0-next.2"
      }
    },
    "vscode-languageserver-protocol-foldingprovider": {
      "version": "2.0.1",
      "resolved": "https://registry.npmjs.org/vscode-languageserver-protocol-foldingprovider/-/vscode-languageserver-protocol-foldingprovider-2.0.1.tgz",
      "integrity": "sha512-N8bOS8i0xuQMn/y0bijyefDbOsMl6hiH6LDREYWavTLTM5jbj44EiQfStsbmAv/0eaFKkL/jf5hW7nWwBy2HBw==",
      "requires": {
        "vscode-languageserver-protocol": "^3.7.2",
        "vscode-languageserver-types": "^3.7.2"
      },
      "dependencies": {
        "vscode-jsonrpc": {
          "version": "6.0.0",
          "resolved": "https://registry.npmjs.org/vscode-jsonrpc/-/vscode-jsonrpc-6.0.0.tgz",
          "integrity": "sha512-wnJA4BnEjOSyFMvjZdpiOwhSq9uDoK8e/kpRJDTaMYzwlkrhG1fwDIZI94CLsLzlCK5cIbMMtFlJlfR57Lavmg=="
        },
        "vscode-languageserver-protocol": {
          "version": "3.16.0",
          "resolved": "https://registry.npmjs.org/vscode-languageserver-protocol/-/vscode-languageserver-protocol-3.16.0.tgz",
          "integrity": "sha512-sdeUoAawceQdgIfTI+sdcwkiK2KU+2cbEYA0agzM2uqaUy2UpnnGHtWTHVEtS0ES4zHU0eMFRGN+oQgDxlD66A==",
          "requires": {
            "vscode-jsonrpc": "6.0.0",
            "vscode-languageserver-types": "3.16.0"
          }
        },
        "vscode-languageserver-types": {
          "version": "3.16.0",
          "resolved": "https://registry.npmjs.org/vscode-languageserver-types/-/vscode-languageserver-types-3.16.0.tgz",
          "integrity": "sha512-k8luDIWJWyenLc5ToFQQMaSrqCHiLwyKPHKPQZ5zz21vM+vIVUSvsRpcbiECH4WR88K2XZqc4ScRcZ7nk/jbeA=="
        }
      }
    },
    "vscode-languageserver-textdocument": {
      "version": "1.0.1",
      "resolved": "https://registry.npmjs.org/vscode-languageserver-textdocument/-/vscode-languageserver-textdocument-1.0.1.tgz",
      "integrity": "sha512-UIcJDjX7IFkck7cSkNNyzIz5FyvpQfY7sdzVy+wkKN/BLaD4DQ0ppXQrKePomCxTS7RrolK1I0pey0bG9eh8dA=="
    },
    "vscode-languageserver-types": {
      "version": "3.16.0-next.2",
      "resolved": "https://registry.npmjs.org/vscode-languageserver-types/-/vscode-languageserver-types-3.16.0-next.2.tgz",
      "integrity": "sha512-QjXB7CKIfFzKbiCJC4OWC8xUncLsxo19FzGVp/ADFvvi87PlmBSCAtZI5xwGjF5qE0xkLf0jjKUn3DzmpDP52Q=="
    },
    "vscode-nls": {
      "version": "4.1.2",
      "resolved": "https://registry.npmjs.org/vscode-nls/-/vscode-nls-4.1.2.tgz",
      "integrity": "sha512-7bOHxPsfyuCqmP+hZXscLhiHwe7CSuFE4hyhbs22xPIhQ4jv99FcR4eBzfYYVLP356HNFpdvz63FFb/xw6T4Iw=="
    },
    "vscode-textbuffer": {
      "version": "1.0.0",
      "resolved": "https://registry.npmjs.org/vscode-textbuffer/-/vscode-textbuffer-1.0.0.tgz",
      "integrity": "sha512-zPaHo4urgpwsm+PrJWfNakolRpryNja18SUip/qIIsfhuEqEIPEXMxHOlFPjvDC4JgTaimkncNW7UMXRJTY6ow=="
    },
    "vscode-uri": {
      "version": "2.1.2",
      "resolved": "https://registry.npmjs.org/vscode-uri/-/vscode-uri-2.1.2.tgz",
      "integrity": "sha512-8TEXQxlldWAuIODdukIb+TR5s+9Ds40eSJrw+1iDDA9IFORPjMELarNQE3myz5XIkWWpdprmJjm1/SxMlWOC8A=="
    },
    "yaml-language-server": {
      "version": "0.13.0",
      "resolved": "https://registry.npmjs.org/yaml-language-server/-/yaml-language-server-0.13.0.tgz",
      "integrity": "sha512-5FHW7dUAyIjEM3mRzIplE0pZut2K30cA+K7coaOxFxi82LTk/oiVLS4/AQFnOtGicSyoi4YOiRqpMZ04vgtuew==",
      "requires": {
        "js-yaml": "^3.13.1",
        "jsonc-parser": "^2.2.1",
        "prettier": "2.0.5",
        "request-light": "^0.2.4",
        "vscode-json-languageservice": "^3.10.0",
        "vscode-languageserver": "^5.2.1",
        "vscode-languageserver-types": "^3.15.1",
        "vscode-nls": "^4.1.2",
        "vscode-uri": "^2.1.1",
        "yaml-language-server-parser": "0.1.1"
      },
      "dependencies": {
        "request-light": {
          "version": "0.2.5",
          "resolved": "https://registry.npmjs.org/request-light/-/request-light-0.2.5.tgz",
          "integrity": "sha512-eBEh+GzJAftUnex6tcL6eV2JCifY0+sZMIUpUPOVXbs2nV5hla4ZMmO3icYKGuGVuQ2zHE9evh4OrRcH4iyYYw==",
          "requires": {
            "http-proxy-agent": "^2.1.0",
            "https-proxy-agent": "^2.2.3",
            "vscode-nls": "^4.1.1"
          }
        },
        "vscode-jsonrpc": {
          "version": "4.0.0",
          "resolved": "https://registry.npmjs.org/vscode-jsonrpc/-/vscode-jsonrpc-4.0.0.tgz",
          "integrity": "sha512-perEnXQdQOJMTDFNv+UF3h1Y0z4iSiaN9jIlb0OqIYgosPCZGYh/MCUlkFtV2668PL69lRDO32hmvL2yiidUYg=="
        },
        "vscode-languageserver": {
          "version": "5.2.1",
          "resolved": "https://registry.npmjs.org/vscode-languageserver/-/vscode-languageserver-5.2.1.tgz",
          "integrity": "sha512-GuayqdKZqAwwaCUjDvMTAVRPJOp/SLON3mJ07eGsx/Iq9HjRymhKWztX41rISqDKhHVVyFM+IywICyZDla6U3A==",
          "requires": {
            "vscode-languageserver-protocol": "3.14.1",
            "vscode-uri": "^1.0.6"
          },
          "dependencies": {
            "vscode-uri": {
              "version": "1.0.8",
              "resolved": "https://registry.npmjs.org/vscode-uri/-/vscode-uri-1.0.8.tgz",
              "integrity": "sha512-obtSWTlbJ+a+TFRYGaUumtVwb+InIUVI0Lu0VBUAPmj2cU5JutEXg3xUE0c2J5Tcy7h2DEKVJBFi+Y9ZSFzzPQ=="
            }
          }
        },
        "vscode-languageserver-protocol": {
          "version": "3.14.1",
          "resolved": "https://registry.npmjs.org/vscode-languageserver-protocol/-/vscode-languageserver-protocol-3.14.1.tgz",
          "integrity": "sha512-IL66BLb2g20uIKog5Y2dQ0IiigW0XKrvmWiOvc0yXw80z3tMEzEnHjaGAb3ENuU7MnQqgnYJ1Cl2l9RvNgDi4g==",
          "requires": {
            "vscode-jsonrpc": "^4.0.0",
            "vscode-languageserver-types": "3.14.0"
          },
          "dependencies": {
            "vscode-languageserver-types": {
              "version": "3.14.0",
              "resolved": "https://registry.npmjs.org/vscode-languageserver-types/-/vscode-languageserver-types-3.14.0.tgz",
              "integrity": "sha512-lTmS6AlAlMHOvPQemVwo3CezxBp0sNB95KNPkqp3Nxd5VFEnuG1ByM0zlRWos0zjO3ZWtkvhal0COgiV1xIA4A=="
            }
          }
        },
        "vscode-languageserver-types": {
          "version": "3.16.0",
          "resolved": "https://registry.npmjs.org/vscode-languageserver-types/-/vscode-languageserver-types-3.16.0.tgz",
          "integrity": "sha512-k8luDIWJWyenLc5ToFQQMaSrqCHiLwyKPHKPQZ5zz21vM+vIVUSvsRpcbiECH4WR88K2XZqc4ScRcZ7nk/jbeA=="
        }
      }
    },
    "yaml-language-server-parser": {
      "version": "0.1.1",
      "resolved": "https://registry.npmjs.org/yaml-language-server-parser/-/yaml-language-server-parser-0.1.1.tgz",
      "integrity": "sha512-2PememGb1SrPqXAxXTpBD39rwYZap6CJVSvkfULNv9uwV3VHp1TfkgpsylBb+mpuuivH0JZ52lChXPvNa6yVxw=="
    }
  }
}
